
Microsoft Visual Studio Solution File, Format Version 12.00
# Visual Studio Version 17
VisualStudioVersion = 17.7.34031.279
MinimumVisualStudioVersion = 10.0.40219.1
Project("{FAE04EC0-301F-11D3-BF4B-00C04F79EFBC}") = "Tic Tac Toe", "Tic Tac Toe.csproj", "{A1735885-D07E-45FB-81E6-DDEBD709275C}"
EndProject
Global
	GlobalSection(SolutionConfigurationPlatforms) = preSolution
		Debug|Any CPU = Debug|Any CPU
		Release|Any CPU = Release|Any CPU
	EndGlobalSection
	GlobalSection(ProjectConfigurationPlatforms) = postSolution
		{A1735885-D07E-45FB-81E6-DDEBD709275C}.Debug|Any CPU.ActiveCfg = Debug|Any CPU
		{A1735885-D07E-45FB-81E6-DDEBD709275C}.Debug|Any CPU.Build.0 = Debug|Any CPU
		{A1735885-D07E-45FB-81E6-DDEBD709275C}.Release|Any CPU.ActiveCfg = Release|Any CPU
		{A1735885-D07E-45FB-81E6-DDEBD709275C}.Release|Any CPU.Build.0 = Release|Any CPU
	EndGlobalSection
	GlobalSection(SolutionProperties) = preSolution
		HideSolutionNode = FALSE
	EndGlobalSection
	GlobalSection(ExtensibilityGlobals) = postSolution
		SolutionGuid = {D74CAFF9-44EC-4BDF-9491-0CFDEC21BA17}
	EndGlobalSection
EndGlobal
