
Microsoft Visual Studio Solution File, Format Version 12.00
# Visual Studio Version 17
VisualStudioVersion = 17.7.34031.279
MinimumVisualStudioVersion = 10.0.40219.1
Project("{FAE04EC0-301F-11D3-BF4B-00C04F79EFBC}") = "Pizza Project", "Pizza Project.csproj", "{E474009A-D1AF-45E7-A75F-0A69C173FC09}"
EndProject
Global
	GlobalSection(SolutionConfigurationPlatforms) = preSolution
		Debug|Any CPU = Debug|Any CPU
		Release|Any CPU = Release|Any CPU
	EndGlobalSection
	GlobalSection(ProjectConfigurationPlatforms) = postSolution
		{E474009A-D1AF-45E7-A75F-0A69C173FC09}.Debug|Any CPU.ActiveCfg = Debug|Any CPU
		{E474009A-D1AF-45E7-A75F-0A69C173FC09}.Debug|Any CPU.Build.0 = Debug|Any CPU
		{E474009A-D1AF-45E7-A75F-0A69C173FC09}.Release|Any CPU.ActiveCfg = Release|Any CPU
		{E474009A-D1AF-45E7-A75F-0A69C173FC09}.Release|Any CPU.Build.0 = Release|Any CPU
	EndGlobalSection
	GlobalSection(SolutionProperties) = preSolution
		HideSolutionNode = FALSE
	EndGlobalSection
	GlobalSection(ExtensibilityGlobals) = postSolution
		SolutionGuid = {16BB0918-3650-4F64-8F1F-A6F19115D188}
	EndGlobalSection
EndGlobal
